dependencies:
  espp/ads1x15:
    component_hash: 4ddb82bdd902a6287fb2e6b8a793eaf79fff1c257a292be33044d04ddee0c65d
    dependencies:
    - name: espp/base_peripheral
      registry_url: https://components.espressif.com
      require: private
      version: '>=1.0'
    - name: idf
      require: private
      version: '>=5.0'
    source:
      registry_url: https://components.espressif.com/
      type: service
    version: 1.0.7
  espp/base_component:
    component_hash: b4a49711a633e14c3225a70ea01592629e19d2f8e3813efd7f10cff6fa346dd0
    dependencies:
    - name: espp/logger
      registry_url: https://components.espressif.com
      require: private
      version: '>=1.0'
    - name: idf
      require: private
      version: '>=5.0'
    source:
      registry_url: https://components.espressif.com/
      type: service
    version: 1.0.35
  espp/base_peripheral:
    component_hash: 77738615d31b1bb48986b7e482614ce7386822c0cd5c70bc0f6b431d15ea11fc
    dependencies:
    - name: espp/base_component
      registry_url: https://components.espressif.com
      require: private
      version: '>=1.0'
    - name: idf
      require: private
      version: '>=5.0'
    source:
      registry_url: https://components.espressif.com/
      type: service
    version: 1.0.35
  espp/cli:
    component_hash: f2e97c54a5258f445ad74017a3c766599ac7164b4464fce0d3966d6295e6dea9
    dependencies:
    - name: espp/logger
      registry_url: https://components.espressif.com
      require: private
      version: '>=1.0'
    - name: idf
      require: private
      version: '>=5.0'
    source:
      registry_url: https://components.espressif.com/
      type: service
    version: 1.0.35
  espp/format:
    component_hash: ef925aec02e24c3466d6ccbae27a90d6fd80ef78ebcb91868b8a619d788bd38b
    dependencies:
    - name: idf
      require: private
      version: '>=5.0'
    source:
      registry_url: https://components.espressif.com
      type: service
    version: 1.0.35
  espp/i2c:
    component_hash: 6bb49048c94d28416bab9cbaa6db44981a0cd9098375bf4c317d6825bae5456b
    dependencies:
    - name: espp/base_component
      registry_url: https://components.espressif.com
      require: private
      version: '>=1.0'
    - name: espp/cli
      registry_url: https://components.espressif.com
      require: private
      version: '>=1.0'
    - name: espp/task
      registry_url: https://components.espressif.com
      require: private
      version: '>=1.0'
    - name: idf
      require: private
      version: '>=5.0'
    source:
      registry_url: https://components.espressif.com/
      type: service
    version: 1.0.7
  espp/logger:
    component_hash: 7d4bcfde76b67ae86201b0eedf736674b549e1de14477f1bf41ab2b56e1456de
    dependencies:
    - name: espp/format
      registry_url: https://components.espressif.com
      require: private
      version: '>=1.0'
    - name: idf
      require: private
      version: '>=5.0'
    source:
      registry_url: https://components.espressif.com
      type: service
    version: 1.0.35
  espp/task:
    component_hash: 40dd6ca903fd255c8a6b80621038c0b03b21a717d5b6b6ff8b4ac5f2d06dbbe6
    dependencies:
    - name: espp/base_component
      registry_url: https://components.espressif.com
      require: private
      version: '>=1.0'
    - name: idf
      require: private
      version: '>=5.0'
    source:
      registry_url: https://components.espressif.com/
      type: service
    version: 1.0.35
  idf:
    source:
      type: idf
    version: 5.5.3
  joltwallet/littlefs:
    component_hash: fe3d04a59a4c370408b0e0b69d9096c06371b9ee12ad8e06b9d52ac63ab1570c
    dependencies:
    - name: idf
      require: private
      version: '>=5.0'
    source:
      registry_url: https://components.espressif.com/
      type: service
    version: 1.20.0
direct_dependencies:
- espp/ads1x15
- espp/base_component
- espp/base_peripheral
- espp/cli
- espp/i2c
- espp/task
- idf
- joltwallet/littlefs
manifest_hash: b42f3d87198f094406f324d5bd8ffa172df4269d46ad345e3ff323be09c6983e
target: esp32c6
version: 2.0.0
